
Microsoft Visual Studio Solution File, Format Version 12.00
# Visual Studio 14
VisualStudioVersion = 14.0.25123.0
MinimumVisualStudioVersion = 10.0.40219.1
Project("{FAE04EC0-301F-11D3-BF4B-00C04F79EFBC}") = "HelpDesk.Domain", "HelpDesk.Domain\HelpDesk.Domain.csproj", "{8DD8E15A-434B-4CB2-9C05-CC9E0CE49978}"
EndProject
Project("{FAE04EC0-301F-11D3-BF4B-00C04F79EFBC}") = "HelpDesk.WebUI", "HelpDesk.WebUI\HelpDesk.WebUI.csproj", "{4D45EDBB-E01D-4B41-8D6F-B32D5027CE75}"
	ProjectSection(ProjectDependencies) = postProject
		{8DD8E15A-434B-4CB2-9C05-CC9E0CE49978} = {8DD8E15A-434B-4CB2-9C05-CC9E0CE49978}
	EndProjectSection
EndProject
Global
	GlobalSection(SolutionConfigurationPlatforms) = preSolution
		Debug|Any CPU = Debug|Any CPU
		Release|Any CPU = Release|Any CPU
	EndGlobalSection
	GlobalSection(ProjectConfigurationPlatforms) = postSolution
		{8DD8E15A-434B-4CB2-9C05-CC9E0CE49978}.Debug|Any CPU.ActiveCfg = Debug|Any CPU
		{8DD8E15A-434B-4CB2-9C05-CC9E0CE49978}.Debug|Any CPU.Build.0 = Debug|Any CPU
		{8DD8E15A-434B-4CB2-9C05-CC9E0CE49978}.Release|Any CPU.ActiveCfg = Release|Any CPU
		{8DD8E15A-434B-4CB2-9C05-CC9E0CE49978}.Release|Any CPU.Build.0 = Release|Any CPU
		{4D45EDBB-E01D-4B41-8D6F-B32D5027CE75}.Debug|Any CPU.ActiveCfg = Debug|Any CPU
		{4D45EDBB-E01D-4B41-8D6F-B32D5027CE75}.Debug|Any CPU.Build.0 = Debug|Any CPU
		{4D45EDBB-E01D-4B41-8D6F-B32D5027CE75}.Release|Any CPU.ActiveCfg = Release|Any CPU
		{4D45EDBB-E01D-4B41-8D6F-B32D5027CE75}.Release|Any CPU.Build.0 = Release|Any CPU
	EndGlobalSection
	GlobalSection(SolutionProperties) = preSolution
		HideSolutionNode = FALSE
	EndGlobalSection
EndGlobal
